// !$*UTF8*$!
{
	archiveVersion = 1;
	classes = {
	};
	objectVersion = 46;
	objects = {

/* Begin PBXBuildFile section */
		487795801DBF1EE50061E688 /* AppDelegate.swift in Sources */ = {isa = PBXBuildFile; fileRef = 4877957F1DBF1EE50061E688 /* AppDelegate.swift */; };
		487795821DBF1EE50061E688 /* ViewController.swift in Sources */ = {isa = PBXBuildFile; fileRef = 487795811DBF1EE50061E688 /* ViewController.swift */; };
		487795851DBF1EE50061E688 /* Main.storyboard in Resources */ = {isa = PBXBuildFile; fileRef = 487795831DBF1EE50061E688 /* Main.storyboard */; };
		487795871DBF1EE50061E688 /* Assets.xcassets in Resources */ = {isa = PBXBuildFile; fileRef = 487795861DBF1EE50061E688 /* Assets.xcassets */; };
		4877958A1DBF1EE60061E688 /* LaunchScreen.storyboard in Resources */ = {isa = PBXBuildFile; fileRef = 487795881DBF1EE60061E688 /* LaunchScreen.storyboard */; };
		487795951DBF1EE60061E688 /* Super_CoolTests.swift in Sources */ = {isa = PBXBuildFile; fileRef = 487795941DBF1EE60061E688 /* Super_CoolTests.swift */; };
		487795A01DBF1EE60061E688 /* Super_CoolUITests.swift in Sources */ = {isa = PBXBuildFile; fileRef = 4877959F1DBF1EE60061E688 /* Super_CoolUITests.swift */; };
/* End PBXBuildFile section */

/* Begin PBXContainerItemProxy section */
		487795911DBF1EE60061E688 /* PBXContainerItemProxy */ = {
			isa = PBXContainerItemProxy;
			containerPortal = 487795741DBF1EE50061E688 /* Project object */;
			proxyType = 1;
			remoteGlobalIDString = 4877957B1DBF1EE50061E688;
			remoteInfo = "Super Cool";
		};
		4877959C1DBF1EE60061E688 /* PBXContainerItemProxy */ = {
			isa = PBXContainerItemProxy;
			containerPortal = 487795741DBF1EE50061E688 /* Project object */;
			proxyType = 1;
			remoteGlobalIDString = 4877957B1DBF1EE50061E688;
			remoteInfo = "Super Cool";
		};
/* End PBXContainerItemProxy section */

/* Begin PBXFileReference section */
		4877957C1DBF1EE50061E688 /* Super Cool.app */ = {isa = PBXFileReference; explicitFileType = wrapper.application; includeInIndex = 0; path = "Super Cool.app"; sourceTree = BUILT_PRODUCTS_DIR; };
		4877957F1DBF1EE50061E688 /* AppDelegate.swift */ = {isa = PBXFileReference; lastKnownFileType = sourcecode.swift; path = AppDelegate.swift; sourceTree = "<group>"; };
		487795811DBF1EE50061E688 /* ViewController.swift */ = {isa = PBXFileReference; lastKnownFileType = sourcecode.swift; path = ViewController.swift; sourceTree = "<group>"; };
		487795841DBF1EE50061E688 /* Base */ = {isa = PBXFileReference; lastKnownFileType = file.storyboard; name = Base; path = Base.lproj/Main.storyboard; sourceTree = "<group>"; };
		487795861DBF1EE50061E688 /* Assets.xcassets */ = {isa = PBXFileReference; lastKnownFileType = folder.assetcatalog; path = Assets.xcassets; sourceTree = "<group>"; };
		487795891DBF1EE60061E688 /* Base */ = {isa = PBXFileReference; lastKnownFileType = file.storyboard; name = Base; path = Base.lproj/LaunchScreen.storyboard; sourceTree = "<group>"; };
		4877958B1DBF1EE60061E688 /* Info.plist */ = {isa = PBXFileReference; lastKnownFileType = text.plist.xml; path = Info.plist; sourceTree = "<group>"; };
		487795901DBF1EE60061E688 /* Super CoolTests.xctest */ = {isa = PBXFileReference; explicitFileType = wrapper.cfbundle; includeInIndex = 0; path = "Super CoolTests.xctest"; sourceTree = BUILT_PRODUCTS_DIR; };
		487795941DBF1EE60061E688 /* Super_CoolTests.swift */ = {isa = PBXFileReference; lastKnownFileType = sourcecode.swift; path = Super_CoolTests.swift; sourceTree = "<group>"; };
		487795961DBF1EE60061E688 /* Info.plist */ = {isa = PBXFileReference; lastKnownFileType = text.plist.xml; path = Info.plist; sourceTree = "<group>"; };
		4877959B1DBF1EE60061E688 /* Super CoolUITests.xctest */ = {isa = PBXFileReference; explicitFileType = wrapper.cfbundle; includeInIndex = 0; path = "Super CoolUITests.xctest"; sourceTree = BUILT_PRODUCTS_DIR; };
		4877959F1DBF1EE60061E688 /* Super_CoolUITests.swift */ = {isa = PBXFileReference; lastKnownFileType = sourcecode.swift; path = Super_CoolUITests.swift; sourceTree = "<group>"; };
		487795A11DBF1EE60061E688 /* Info.plist */ = {isa = PBXFileReference; lastKnownFileType = text.plist.xml; path = Info.plist; sourceTree = "<group>"; };
/* End PBXFileReference section */

/* Begin PBXFrameworksBuildPhase section */
		487795791DBF1EE50061E688 /* Frameworks */ = {
			isa = PBXFrameworksBuildPhase;
			buildActionMask = 2147483647;
			files = (
			);
			runOnlyForDeploymentPostprocessing = 0;
		};
		4877958D1DBF1EE60061E688 /* Frameworks */ = {
			isa = PBXFrameworksBuildPhase;
			buildActionMask = 2147483647;
			files = (
			);
			runOnlyForDeploymentPostprocessing = 0;
		};
		487795981DBF1EE60061E688 /* Frameworks */ = {
			isa = PBXFrameworksBuildPhase;
			buildActionMask = 2147483647;
			files = (
			);
			runOnlyForDeploymentPostprocessing = 0;
		};
/* End PBXFrameworksBuildPhase section */

/* Begin PBXGroup section */
		487795731DBF1EE40061E688 = {
			isa = PBXGroup;
			children = (
				4877957E1DBF1EE50061E688 /* Super Cool */,
				487795931DBF1EE60061E688 /* Super CoolTests */,
				4877959E1DBF1EE60061E688 /* Super CoolUITests */,
				4877957D1DBF1EE50061E688 /* Products */,
			);
			sourceTree = "<group>";
		};
		4877957D1DBF1EE50061E688 /* Products */ = {
			isa = PBXGroup;
			children = (
				4877957C1DBF1EE50061E688 /* Super Cool.app */,
				487795901DBF1EE60061E688 /* Super CoolTests.xctest */,
				4877959B1DBF1EE60061E688 /* Super CoolUITests.xctest */,
			);
			name = Products;
			sourceTree = "<group>";
		};
		4877957E1DBF1EE50061E688 /* Super Cool */ = {
			isa = PBXGroup;
			children = (
				4877957F1DBF1EE50061E688 /* AppDelegate.swift */,
				487795811DBF1EE50061E688 /* ViewController.swift */,
				487795831DBF1EE50061E688 /* Main.storyboard */,
				487795861DBF1EE50061E688 /* Assets.xcassets */,
				487795881DBF1EE60061E688 /* LaunchScreen.storyboard */,
				4877958B1DBF1EE60061E688 /* Info.plist */,
			);
			path = "Super Cool";
			sourceTree = "<group>";
		};
		487795931DBF1EE60061E688 /* Super CoolTests */ = {
			isa = PBXGroup;
			children = (
				487795941DBF1EE60061E688 /* Super_CoolTests.swift */,
				487795961DBF1EE60061E688 /* Info.plist */,
			);
			path = "Super CoolTests";
			sourceTree = "<group>";
		};
		4877959E1DBF1EE60061E688 /* Super CoolUITests */ = {
			isa = PBXGroup;
			children = (
				4877959F1DBF1EE60061E688 /* Super_CoolUITests.swift */,
				487795A11DBF1EE60061E688 /* Info.plist */,
			);
			path = "Super CoolUITests";
			sourceTree = "<group>";
		};
/* End PBXGroup section */

/* Begin PBXNativeTarget section */
		4877957B1DBF1EE50061E688 /* Super Cool */ = {
			isa = PBXNativeTarget;
			buildConfigurationList = 487795A41DBF1EE60061E688 /* Build configuration list for PBXNativeTarget "Super Cool" */;
			buildPhases = (
				487795781DBF1EE50061E688 /* Sources */,
				487795791DBF1EE50061E688 /* Frameworks */,
				4877957A1DBF1EE50061E688 /* Resources */,
			);
			buildRules = (
			);
			dependencies = (
			);
			name = "Super Cool";
			productName = "Super Cool";
			productReference = 4877957C1DBF1EE50061E688 /* Super Cool.app */;
			productType = "com.apple.product-type.application";
		};
		4877958F1DBF1EE60061E688 /* Super CoolTests */ = {
			isa = PBXNativeTarget;
			buildConfigurationList = 487795A71DBF1EE60061E688 /* Build configuration list for PBXNativeTarget "Super CoolTests" */;
			buildPhases = (
				4877958C1DBF1EE60061E688 /* Sources */,
				4877958D1DBF1EE60061E688 /* Frameworks */,
				4877958E1DBF1EE60061E688 /* Resources */,
			);
			buildRules = (
			);
			dependencies = (
				487795921DBF1EE60061E688 /* PBXTargetDependency */,
			);
			name = "Super CoolTests";
			productName = "Super CoolTests";
			productReference = 487795901DBF1EE60061E688 /* Super CoolTests.xctest */;
			productType = "com.apple.product-type.bundle.unit-test";
		};
		4877959A1DBF1EE60061E688 /* Super CoolUITests */ = {
			isa = PBXNativeTarget;
			buildConfigurationList = 487795AA1DBF1EE60061E688 /* Build configuration list for PBXNativeTarget "Super CoolUITests" */;
			buildPhases = (
				487795971DBF1EE60061E688 /* Sources */,
				487795981DBF1EE60061E688 /* Frameworks */,
				487795991DBF1EE60061E688 /* Resources */,
			);
			buildRules = (
			);
			dependencies = (
				4877959D1DBF1EE60061E688 /* PBXTargetDependency */,
			);
			name = "Super CoolUITests";
			productName = "Super CoolUITests";
			productReference = 4877959B1DBF1EE60061E688 /* Super CoolUITests.xctest */;
			productType = "com.apple.product-type.bundle.ui-testing";
		};
/* End PBXNativeTarget section */

/* Begin PBXProject section */
		487795741DBF1EE50061E688 /* Project object */ = {
			isa = PBXProject;
			attributes = {
				LastSwiftUpdateCheck = 0800;
				LastUpgradeCheck = 0800;
				ORGANIZATIONNAME = KnightWatchmen;
				TargetAttributes = {
					4877957B1DBF1EE50061E688 = {
						CreatedOnToolsVersion = 8.0;
						ProvisioningStyle = Automatic;
					};
					4877958F1DBF1EE60061E688 = {
						CreatedOnToolsVersion = 8.0;
						ProvisioningStyle = Automatic;
						TestTargetID = 4877957B1DBF1EE50061E688;
					};
					4877959A1DBF1EE60061E688 = {
						CreatedOnToolsVersion = 8.0;
						ProvisioningStyle = Automatic;
						TestTargetID = 4877957B1DBF1EE50061E688;
					};
				};
			};
			buildConfigurationList = 487795771DBF1EE50061E688 /* Build configuration list for PBXProject "Super Cool" */;
			compatibilityVersion = "Xcode 3.2";
			developmentRegion = English;
			hasScannedForEncodings = 0;
			knownRegions = (
				en,
				Base,
			);
			mainGroup = 487795731DBF1EE40061E688;
			productRefGroup = 4877957D1DBF1EE50061E688 /* Products */;
			projectDirPath = "";
			projectRoot = "";
			targets = (
				4877957B1DBF1EE50061E688 /* Super Cool */,
				4877958F1DBF1EE60061E688 /* Super CoolTests */,
				4877959A1DBF1EE60061E688 /* Super CoolUITests */,
			);
		};
/* End PBXProject section */

/* Begin PBXResourcesBuildPhase section */
		4877957A1DBF1EE50061E688 /* Resources */ = {
			isa = PBXResourcesBuildPhase;
			buildActionMask = 2147483647;
			files = (
				4877958A1DBF1EE60061E688 /* LaunchScreen.storyboard in Resources */,
				487795871DBF1EE50061E688 /* Assets.xcassets in Resources */,
				487795851DBF1EE50061E688 /* Main.storyboard in Resources */,
			);
			runOnlyForDeploymentPostprocessing = 0;
		};
		4877958E1DBF1EE60061E688 /* Resources */ = {
			isa = PBXResourcesBuildPhase;
			buildActionMask = 2147483647;
			files = (
			);
			runOnlyForDeploymentPostprocessing = 0;
		};
		487795991DBF1EE60061E688 /* Resources */ = {
			isa = PBXResourcesBuildPhase;
			buildActionMask = 2147483647;
			files = (
			);
			runOnlyForDeploymentPostprocessing = 0;
		};
/* End PBXResourcesBuildPhase section */

/* Begin PBXSourcesBuildPhase section */
		487795781DBF1EE50061E688 /* Sources */ = {
			isa = PBXSourcesBuildPhase;
			buildActionMask = 2147483647;
			files = (
				487795821DBF1EE50061E688 /* ViewController.swift in Sources */,
				487795801DBF1EE50061E688 /* AppDelegate.swift in Sources */,
			);
			runOnlyForDeploymentPostprocessing = 0;
		};
		4877958C1DBF1EE60061E688 /* Sources */ = {
			isa = PBXSourcesBuildPhase;
			buildActionMask = 2147483647;
			files = (
				487795951DBF1EE60061E688 /* Super_CoolTests.swift in Sources */,
			);
			runOnlyForDeploymentPostprocessing = 0;
		};
		487795971DBF1EE60061E688 /* Sources */ = {
			isa = PBXSourcesBuildPhase;
			buildActionMask = 2147483647;
			files = (
				487795A01DBF1EE60061E688 /* Super_CoolUITests.swift in Sources */,
			);
			runOnlyForDeploymentPostprocessing = 0;
		};
/* End PBXSourcesBuildPhase section */

/* Begin PBXTargetDependency section */
		487795921DBF1EE60061E688 /* PBXTargetDependency */ = {
			isa = PBXTargetDependency;
			target = 4877957B1DBF1EE50061E688 /* Super Cool */;
			targetProxy = 487795911DBF1EE60061E688 /* PBXContainerItemProxy */;
		};
		4877959D1DBF1EE60061E688 /* PBXTargetDependency */ = {
			isa = PBXTargetDependency;
			target = 4877957B1DBF1EE50061E688 /* Super Cool */;
			targetProxy = 4877959C1DBF1EE60061E688 /* PBXContainerItemProxy */;
		};
/* End PBXTargetDependency section */

/* Begin PBXVariantGroup section */
		487795831DBF1EE50061E688 /* Main.storyboard */ = {
			isa = PBXVariantGroup;
			children = (
				487795841DBF1EE50061E688 /* Base */,
			);
			name = Main.storyboard;
			sourceTree = "<group>";
		};
		487795881DBF1EE60061E688 /* LaunchScreen.storyboard */ = {
			isa = PBXVariantGroup;
			children = (
				487795891DBF1EE60061E688 /* Base */,
			);
			name = LaunchScreen.storyboard;
			sourceTree = "<group>";
		};
/* End PBXVariantGroup section */

/* Begin XCBuildConfiguration section */
		487795A21DBF1EE60061E688 /* Debug */ = {
			isa = XCBuildConfiguration;
			buildSettings = {
				ALWAYS_SEARCH_USER_PATHS = NO;
				CLANG_ANALYZER_NONNULL = YES;
				CLANG_CXX_LANGUAGE_STANDARD = "gnu++0x";
				CLANG_CXX_LIBRARY = "libc++";
				CLANG_ENABLE_MODULES = YES;
				CLANG_ENABLE_OBJC_ARC = YES;
				CLANG_WARN_BOOL_CONVERSION = YES;
				CLANG_WARN_CONSTANT_CONVERSION = YES;
				CLANG_WARN_DIRECT_OBJC_ISA_USAGE = YES_ERROR;
				CLANG_WARN_DOCUMENTATION_COMMENTS = YES;
				CLANG_WARN_EMPTY_BODY = YES;
				CLANG_WARN_ENUM_CONVERSION = YES;
				CLANG_WARN_INFINITE_RECURSION = YES;
				CLANG_WARN_INT_CONVERSION = YES;
				CLANG_WARN_OBJC_ROOT_CLASS = YES_ERROR;
				CLANG_WARN_SUSPICIOUS_MOVES = YES;
				CLANG_WARN_UNREACHABLE_CODE = YES;
				CLANG_WARN__DUPLICATE_METHOD_MATCH = YES;
				"CODE_SIGN_IDENTITY[sdk=iphoneos*]" = "iPhone Developer";
				COPY_PHASE_STRIP = NO;
				DEBUG_INFORMATION_FORMAT = dwarf;
				ENABLE_STRICT_OBJC_MSGSEND = YES;
				ENABLE_TESTABILITY = YES;
				GCC_C_LANGUAGE_STANDARD = gnu99;
				GCC_DYNAMIC_NO_PIC = NO;
				GCC_NO_COMMON_BLOCKS = YES;
				GCC_OPTIMIZATION_LEVEL = 0;
				GCC_PREPROCESSOR_DEFINITIONS = (
					"DEBUG=1",
					"$(inherited)",
				);
				GCC_WARN_64_TO_32_BIT_CONVERSION = YES;
				GCC_WARN_ABOUT_RETURN_TYPE = YES_ERROR;
				GCC_WARN_UNDECLARED_SELECTOR = YES;
				GCC_WARN_UNINITIALIZED_AUTOS = YES_AGGRESSIVE;
				GCC_WARN_UNUSED_FUNCTION = YES;
				GCC_WARN_UNUSED_VARIABLE = YES;
				IPHONEOS_DEPLOYMENT_TARGET = 10.0;
				MTL_ENABLE_DEBUG_INFO = YES;
				ONLY_ACTIVE_ARCH = YES;
				SDKROOT = iphoneos;
				SWIFT_ACTIVE_COMPILATION_CONDITIONS = DEBUG;
				SWIFT_OPTIMIZATION_LEVEL = "-Onone";
			};
			name = Debug;
		};
		487795A31DBF1EE60061E688 /* Release */ = {
			isa = XCBuildConfiguration;
			buildSettings = {
				ALWAYS_SEARCH_USER_PATHS = NO;
				CLANG_ANALYZER_NONNULL = YES;
				CLANG_CXX_LANGUAGE_STANDARD = "gnu++0x";
				CLANG_CXX_LIBRARY = "libc++";
				CLANG_ENABLE_MODULES = YES;
				CLANG_ENABLE_OBJC_ARC = YES;
				CLANG_WARN_BOOL_CONVERSION = YES;
				CLANG_WARN_CONSTANT_CONVERSION = YES;
				CLANG_WARN_DIRECT_OBJC_ISA_USAGE = YES_ERROR;
				CLANG_WARN_DOCUMENTATION_COMMENTS = YES;
				CLANG_WARN_EMPTY_BODY = YES;
				CLANG_WARN_ENUM_CONVERSION = YES;
				CLANG_WARN_INFINITE_RECURSION = YES;
				CLANG_WARN_INT_CONVERSION = YES;
				CLANG_WARN_OBJC_ROOT_CLASS = YES_ERROR;
				CLANG_WARN_SUSPICIOUS_MOVES = YES;
				CLANG_WARN_UNREACHABLE_CODE = YES;
				CLANG_WARN__DUPLICATE_METHOD_MATCH = YES;
				"CODE_SIGN_IDENTITY[sdk=iphoneos*]" = "iPhone Developer";
				COPY_PHASE_STRIP = NO;
				DEBUG_INFORMATION_FORMAT = "dwarf-with-dsym";
				ENABLE_NS_ASSERTIONS = NO;
				ENABLE_STRICT_OBJC_MSGSEND = YES;
				GCC_C_LANGUAGE_STANDARD = gnu99;
				GCC_NO_COMMON_BLOCKS = YES;
				GCC_WARN_64_TO_32_BIT_CONVERSION = YES;
				GCC_WARN_ABOUT_RETURN_TYPE = YES_ERROR;
				GCC_WARN_UNDECLARED_SELECTOR = YES;
				GCC_WARN_UNINITIALIZED_AUTOS = YES_AGGRESSIVE;
				GCC_WARN_UNUSED_FUNCTION = YES;
				GCC_WARN_UNUSED_VARIABLE = YES;
				IPHONEOS_DEPLOYMENT_TARGET = 10.0;
				MTL_ENABLE_DEBUG_INFO = NO;
				SDKROOT = iphoneos;
				SWIFT_OPTIMIZATION_LEVEL = "-Owholemodule";
				VALIDATE_PRODUCT = YES;
			};
			name = Release;
		};
		487795A51DBF1EE60061E688 /* Debug */ = {
			isa = XCBuildConfiguration;
			buildSettings = {
				ASSETCATALOG_COMPILER_APPICON_NAME = AppIcon;
				INFOPLIST_FILE = "Super Cool/Info.plist";
				LD_RUNPATH_SEARCH_PATHS = "$(inherited) @executable_path/Frameworks";
				PRODUCT_BUNDLE_IDENTIFIER = "com.knightwatchmen.Super-Cool";
				PRODUCT_NAME = "$(TARGET_NAME)";
				SWIFT_VERSION = 3.0;
			};
			name = Debug;
		};
		487795A61DBF1EE60061E688 /* Release */ = {
			isa = XCBuildConfiguration;
			buildSettings = {
				ASSETCATALOG_COMPILER_APPICON_NAME = AppIcon;
				INFOPLIST_FILE = "Super Cool/Info.plist";
				LD_RUNPATH_SEARCH_PATHS = "$(inherited) @executable_path/Frameworks";
				PRODUCT_BUNDLE_IDENTIFIER = "com.knightwatchmen.Super-Cool";
				PRODUCT_NAME = "$(TARGET_NAME)";
				SWIFT_VERSION = 3.0;
			};
			name = Release;
		};
		487795A81DBF1EE60061E688 /* Debug */ = {
			isa = XCBuildConfiguration;
			buildSettings = {
				ALWAYS_EMBED_SWIFT_STANDARD_LIBRARIES = YES;
				BUNDLE_LOADER = "$(TEST_HOST)";
				INFOPLIST_FILE = "Super CoolTests/Info.plist";
				LD_RUNPATH_SEARCH_PATHS = "$(inherited) @executable_path/Frameworks @loader_path/Frameworks";
				PRODUCT_BUNDLE_IDENTIFIER = "com.knightwatchmen.Super-CoolTests";
				PRODUCT_NAME = "$(TARGET_NAME)";
				SWIFT_VERSION = 3.0;
				TEST_HOST = "$(BUILT_PRODUCTS_DIR)/Super Cool.app/Super Cool";
			};
			name = Debug;
		};
		487795A91DBF1EE60061E688 /* Release */ = {
			isa = XCBuildConfiguration;
			buildSettings = {
				ALWAYS_EMBED_SWIFT_STANDARD_LIBRARIES = YES;
				BUNDLE_LOADER = "$(TEST_HOST)";
				INFOPLIST_FILE = "Super CoolTests/Info.plist";
				LD_RUNPATH_SEARCH_PATHS = "$(inherited) @executable_path/Frameworks @loader_path/Frameworks";
				PRODUCT_BUNDLE_IDENTIFIER = "com.knightwatchmen.Super-CoolTests";
				PRODUCT_NAME = "$(TARGET_NAME)";
				SWIFT_VERSION = 3.0;
				TEST_HOST = "$(BUILT_PRODUCTS_DIR)/Super Cool.app/Super Cool";
			};
			name = Release;
		};
		487795AB1DBF1EE60061E688 /* Debug */ = {
			isa = XCBuildConfiguration;
			buildSettings = {
				ALWAYS_EMBED_SWIFT_STANDARD_LIBRARIES = YES;
				INFOPLIST_FILE = "Super CoolUITests/Info.plist";
				LD_RUNPATH_SEARCH_PATHS = "$(inherited) @executable_path/Frameworks @loader_path/Frameworks";
				PRODUCT_BUNDLE_IDENTIFIER = "com.knightwatchmen.Super-CoolUITests";
				PRODUCT_NAME = "$(TARGET_NAME)";
				SWIFT_VERSION = 3.0;
				TEST_TARGET_NAME = "Super Cool";
			};
			name = Debug;
		};
		487795AC1DBF1EE60061E688 /* Release */ = {
			isa = XCBuildConfiguration;
			buildSettings = {
				ALWAYS_EMBED_SWIFT_STANDARD_LIBRARIES = YES;
				INFOPLIST_FILE = "Super CoolUITests/Info.plist";
				LD_RUNPATH_SEARCH_PATHS = "$(inherited) @executable_path/Frameworks @loader_path/Frameworks";
				PRODUCT_BUNDLE_IDENTIFIER = "com.knightwatchmen.Super-CoolUITests";
				PRODUCT_NAME = "$(TARGET_NAME)";
				SWIFT_VERSION = 3.0;
				TEST_TARGET_NAME = "Super Cool";
			};
			name = Release;
		};
/* End XCBuildConfiguration section */

/* Begin XCConfigurationList section */
		487795771DBF1EE50061E688 /* Build configuration list for PBXProject "Super Cool" */ = {
			isa = XCConfigurationList;
			buildConfigurations = (
				487795A21DBF1EE60061E688 /* Debug */,
				487795A31DBF1EE60061E688 /* Release */,
			);
			defaultConfigurationIsVisible = 0;
			defaultConfigurationName = Release;
		};
		487795A41DBF1EE60061E688 /* Build configuration list for PBXNativeTarget "Super Cool" */ = {
			isa = XCConfigurationList;
			buildConfigurations = (
				487795A51DBF1EE60061E688 /* Debug */,
				487795A61DBF1EE60061E688 /* Release */,
			);
			defaultConfigurationIsVisible = 0;
		};
		487795A71DBF1EE60061E688 /* Build configuration list for PBXNativeTarget "Super CoolTests" */ = {
			isa = XCConfigurationList;
			buildConfigurations = (
				487795A81DBF1EE60061E688 /* Debug */,
				487795A91DBF1EE60061E688 /* Release */,
			);
			defaultConfigurationIsVisible = 0;
		};
		487795AA1DBF1EE60061E688 /* Build configuration list for PBXNativeTarget "Super CoolUITests" */ = {
			isa = XCConfigurationList;
			buildConfigurations = (
				487795AB1DBF1EE60061E688 /* Debug */,
				487795AC1DBF1EE60061E688 /* Release */,
			);
			defaultConfigurationIsVisible = 0;
		};
/* End XCConfigurationList section */
	};
	rootObject = 487795741DBF1EE50061E688 /* Project object */;
}
